
Microsoft Visual Studio Solution File, Format Version 12.00
# Visual Studio 15
VisualStudioVersion = 15.0.27130.2010
MinimumVisualStudioVersion = 10.0.40219.1
Project("{FAE04EC0-301F-11D3-BF4B-00C04F79EFBC}") = "vowels", "vowels\vowels.csproj", "{27FA577D-9BDF-4A5F-A140-F0FDBD6E7F0A}"
EndProject
Global
	GlobalSection(SolutionConfigurationPlatforms) = preSolution
		Debug|Any CPU = Debug|Any CPU
		Release|Any CPU = Release|Any CPU
	EndGlobalSection
	GlobalSection(ProjectConfigurationPlatforms) = postSolution
		{27FA577D-9BDF-4A5F-A140-F0FDBD6E7F0A}.Debug|Any CPU.ActiveCfg = Debug|Any CPU
		{27FA577D-9BDF-4A5F-A140-F0FDBD6E7F0A}.Debug|Any CPU.Build.0 = Debug|Any CPU
		{27FA577D-9BDF-4A5F-A140-F0FDBD6E7F0A}.Release|Any CPU.ActiveCfg = Release|Any CPU
		{27FA577D-9BDF-4A5F-A140-F0FDBD6E7F0A}.Release|Any CPU.Build.0 = Release|Any CPU
	EndGlobalSection
	GlobalSection(SolutionProperties) = preSolution
		HideSolutionNode = FALSE
	EndGlobalSection
	GlobalSection(ExtensibilityGlobals) = postSolution
		SolutionGuid = {1CD552D1-F9CC-4955-9103-871D02425AE0}
	EndGlobalSection
EndGlobal
